<?xml version="1.0" encoding="utf-8"?>
<Project ToolsVersion="4.0" xmlns="http://schemas.microsoft.com/developer/msbuild/2003">
  <ItemGroup>
    <Filter Include="Source Files">
      <UniqueIdentifier>{4FC737F1-C7A5-4376-A066-2A32D752A2FF}</UniqueIdentifier>
      <Extensions>cpp;c;cc;cxx;c++;cppm;ixx;def;odl;idl;hpj;bat;asm;asmx</Extensions>
    </Filter>
    <Filter Include="Helper">
      <UniqueIdentifier>{dadb7f2e-e7f7-4e44-aab5-7478ebb81fff}</UniqueIdentifier>
    </Filter>
    <Filter Include="Widgets">
      <UniqueIdentifier>{3183776e-f17c-49f0-a0a2-403d516c5a97}</UniqueIdentifier>
    </Filter>
  </ItemGroup>
  <ItemGroup>
    <ClCompile Include="Client.cpp">
      <Filter>Source Files</Filter>
    </ClCompile>
  </ItemGroup>
  <ItemGroup>
    <ClInclude Include="Helper\Helper.hpp">
      <Filter>Helper</Filter>
    </ClInclude>
    <ClInclude Include="Widgets\Button.hpp">
      <Filter>Widgets</Filter>
    </ClInclude>
    <ClInclude Include="Widgets\ButtonWithImage.hpp">
      <Filter>Widgets</Filter>
    </ClInclude>
    <ClInclude Include="Widgets\Checkbox.hpp">
      <Filter>Widgets</Filter>
    </ClInclude>
    <ClInclude Include="Widgets\Font.hpp">
      <Filter>Widgets</Filter>
    </ClInclude>
    <ClInclude Include="Widgets\InputField.hpp">
      <Filter>Widgets</Filter>
    </ClInclude>
    <ClInclude Include="Widgets\Label.hpp">
      <Filter>Widgets</Filter>
    </ClInclude>
  </ItemGroup>
</Project>